
Microsoft Visual Studio Solution File, Format Version 12.00
# Visual Studio Version 17
VisualStudioVersion = 17.1.32319.34
MinimumVisualStudioVersion = 10.0.40219.1
Project("{9A19103F-16F7-4668-BE54-9A1E7A4F7556}") = "SingleResponsibility", "SingleResponsibility\SingleResponsibility.csproj", "{B2592EB0-73E0-42C6-8037-9840C69FDDB1}"
EndProject
Project("{9A19103F-16F7-4668-BE54-9A1E7A4F7556}") = "OpenClosed", "OpenClosed\OpenClosed.csproj", "{2F467768-DAB6-4B81-B6E4-140F32B8464C}"
EndProject
Project("{9A19103F-16F7-4668-BE54-9A1E7A4F7556}") = "LiskovSubstitution", "LiskovSubstitution\LiskovSubstitution.csproj", "{4DAA5F19-140B-47AD-A076-19C30DCD1968}"
EndProject
Project("{9A19103F-16F7-4668-BE54-9A1E7A4F7556}") = "InterfaceSegregation", "InterfaceSegregation\InterfaceSegregation.csproj", "{AEF6FDAE-82D8-4E40-BEE6-3DA85C4AD288}"
EndProject
Project("{FAE04EC0-301F-11D3-BF4B-00C04F79EFBC}") = "DependencyInversion", "DependencyInversion\DependencyInversion.csproj", "{BBF34FDE-7931-4B8D-A235-85BCB3408B4B}"
EndProject
Global
	GlobalSection(SolutionConfigurationPlatforms) = preSolution
		Debug|Any CPU = Debug|Any CPU
		Release|Any CPU = Release|Any CPU
	EndGlobalSection
	GlobalSection(ProjectConfigurationPlatforms) = postSolution
		{B2592EB0-73E0-42C6-8037-9840C69FDDB1}.Debug|Any CPU.ActiveCfg = Debug|Any CPU
		{B2592EB0-73E0-42C6-8037-9840C69FDDB1}.Debug|Any CPU.Build.0 = Debug|Any CPU
		{B2592EB0-73E0-42C6-8037-9840C69FDDB1}.Release|Any CPU.ActiveCfg = Release|Any CPU
		{B2592EB0-73E0-42C6-8037-9840C69FDDB1}.Release|Any CPU.Build.0 = Release|Any CPU
		{2F467768-DAB6-4B81-B6E4-140F32B8464C}.Debug|Any CPU.ActiveCfg = Debug|Any CPU
		{2F467768-DAB6-4B81-B6E4-140F32B8464C}.Debug|Any CPU.Build.0 = Debug|Any CPU
		{2F467768-DAB6-4B81-B6E4-140F32B8464C}.Release|Any CPU.ActiveCfg = Release|Any CPU
		{2F467768-DAB6-4B81-B6E4-140F32B8464C}.Release|Any CPU.Build.0 = Release|Any CPU
		{4DAA5F19-140B-47AD-A076-19C30DCD1968}.Debug|Any CPU.ActiveCfg = Debug|Any CPU
		{4DAA5F19-140B-47AD-A076-19C30DCD1968}.Debug|Any CPU.Build.0 = Debug|Any CPU
		{4DAA5F19-140B-47AD-A076-19C30DCD1968}.Release|Any CPU.ActiveCfg = Release|Any CPU
		{4DAA5F19-140B-47AD-A076-19C30DCD1968}.Release|Any CPU.Build.0 = Release|Any CPU
		{AEF6FDAE-82D8-4E40-BEE6-3DA85C4AD288}.Debug|Any CPU.ActiveCfg = Debug|Any CPU
		{AEF6FDAE-82D8-4E40-BEE6-3DA85C4AD288}.Debug|Any CPU.Build.0 = Debug|Any CPU
		{AEF6FDAE-82D8-4E40-BEE6-3DA85C4AD288}.Release|Any CPU.ActiveCfg = Release|Any CPU
		{AEF6FDAE-82D8-4E40-BEE6-3DA85C4AD288}.Release|Any CPU.Build.0 = Release|Any CPU
		{BBF34FDE-7931-4B8D-A235-85BCB3408B4B}.Debug|Any CPU.ActiveCfg = Debug|Any CPU
		{BBF34FDE-7931-4B8D-A235-85BCB3408B4B}.Debug|Any CPU.Build.0 = Debug|Any CPU
		{BBF34FDE-7931-4B8D-A235-85BCB3408B4B}.Release|Any CPU.ActiveCfg = Release|Any CPU
		{BBF34FDE-7931-4B8D-A235-85BCB3408B4B}.Release|Any CPU.Build.0 = Release|Any CPU
	EndGlobalSection
	GlobalSection(SolutionProperties) = preSolution
		HideSolutionNode = FALSE
	EndGlobalSection
	GlobalSection(ExtensibilityGlobals) = postSolution
		SolutionGuid = {77FEB408-C75E-4506-9EE5-22D46C25158C}
	EndGlobalSection
EndGlobal
